{
  "requires": true,
  "lockfileVersion": 1,
  "dependencies": {
    "uview-ui": {
      "version": "2.0.29",
      "resolved": "https://registry.npmjs.org/uview-ui/-/uview-ui-2.0.29.tgz",
      "integrity": "sha512-d5SttbPcowomrgpL7A1LMKRbemXtyyzpPCy98/+VQR3jfSyyHC9tfj/ZeAOKpqTn1rf9gOj2wc5tda/kVmYX2Q=="
    }
  }
}
